
Microsoft Visual Studio Solution File, Format Version 12.00
# Visual Studio Version 16
VisualStudioVersion = 16.0.30204.135
MinimumVisualStudioVersion = 10.0.40219.1
Project("{9A19103F-16F7-4668-BE54-9A1E7A4F7556}") = "BetaNotes", "BetaNotes.csproj", "{1F9161E1-E80C-479A-A57B-11BF398422B1}"
EndProject
Global
	GlobalSection(SolutionConfigurationPlatforms) = preSolution
		Debug|Any CPU = Debug|Any CPU
		Release|Any CPU = Release|Any CPU
	EndGlobalSection
	GlobalSection(ProjectConfigurationPlatforms) = postSolution
		{1F9161E1-E80C-479A-A57B-11BF398422B1}.Debug|Any CPU.ActiveCfg = Debug|Any CPU
		{1F9161E1-E80C-479A-A57B-11BF398422B1}.Debug|Any CPU.Build.0 = Debug|Any CPU
		{1F9161E1-E80C-479A-A57B-11BF398422B1}.Release|Any CPU.ActiveCfg = Release|Any CPU
		{1F9161E1-E80C-479A-A57B-11BF398422B1}.Release|Any CPU.Build.0 = Release|Any CPU
	EndGlobalSection
	GlobalSection(SolutionProperties) = preSolution
		HideSolutionNode = FALSE
	EndGlobalSection
	GlobalSection(ExtensibilityGlobals) = postSolution
		SolutionGuid = {A7E93B94-54D8-4482-99C3-BF122D12A242}
	EndGlobalSection
EndGlobal
